<?xml version="1.0" encoding="UTF-8" standalone="yes" ?>
<CodeBlocks_project_file>
	<FileVersion major="1" minor="6" />
	<Project>
		<Option title="hashtest.cpp" />
		<Option pch_mode="2" />
		<Option default_target="Release" />
		<Option compiler="gcc" />
		<Build>
			<Target title="Debug">
				<Option output="bin/Debug/lhx" prefix_auto="1" extension_auto="1" />
				<Option object_output="obj/Debug/" />
				<Option type="1" />
				<Option compiler="gcc" />
				<Option parameters="-t -j 4 -m -T X   ~/Dev/altair/Tests/Exemple/Donnees/xhl/PLV/2010/*.xhl ~/Dev/altair/Tests/Exemple/Donnees/xhl/PLV/2011/*.xhl ~/Dev/altair/Tests/Exemple/Donnees/xhl/PLV/2012/*.xhl ~/Dev/altair/Tests/Exemple/Donnees/xhl/PLV/2013/*.xhl " />
				<Compiler>
					<Add option="-g" />
					<Add option="-D__GNUC_EXTENSION" />
					<Add option="-DNO_DEBUG" />
					<Add option="-DTOLERANT" />
				</Compiler>
			</Target>
			<Target title="Release">
				<Option output="bin/Release/lhx" prefix_auto="1" extension_auto="1" />
				<Option object_output="obj/Release/" />
				<Option type="1" />
				<Option compiler="gcc" />
				<Option parameters="-M  -t -j 5  -n 1171 -N 478  -D c:/Dev/altair/Tests/Exemple/Donnees/R-Altair c:/Dev/altair/Tests/Exemple/Donnees/xhl/CAPEV/2010/*.xhl  c:/Dev/altair/Tests/Exemple/Donnees/xhl/CAPEV/2011/*.xhl  c:/Dev/altair/Tests/Exemple/Donnees/xhl/CAPEV/2012/*.xhl  c:/Dev/altair/Tests/Exemple/Donnees/xhl/CAPEV/2013/*.xhl   " />
				<Compiler>
					<Add option="-march=corei7-avx" />
			<Add option="-march=pentium4" />
			<Add option="-O3" />
			<Add option="-Wextra" />
			<Add option="-Wall" />
			<Add option="-fexceptions" />
			<Add option="-std=gnu++11" />
			<Add option="-D__GNUC_EXTENSION" />
			<Add option="-D_REENTRANT" />
			<Add option="-D_GNU_SOURCE" />
			<Add option="-D__STDC_LIMIT_MACROS" />
			<Add option="-D__STDC_FORMAT_MACROS" />
			<Add directory="/usr/include/libxml2" />
			<Add directory="../../../Mingw64/include/tre" />
		</Compiler>
		<Linker>
			<Add option="-lxml2" />
			<Add option="-pthread" />
			<Add directory="C:/Mingw64/bin" />

		</Linker>
		<Unit filename="NOTICE" />
		<Unit filename="fonctions_auxiliaires.cpp" />
		<Unit filename="fonctions_auxiliaires.hpp" />
		<Unit filename="main.cpp" />
		<Unit filename="table.cpp" />
		<Unit filename="table.hpp" />
		<Unit filename="validator.cpp" />
		<Unit filename="validator.hpp" />
		<Extensions>
			<code_completion />
			<envvars />
			<debugger />
			<lib_finder disable_auto="1" />
		</Extensions>
	</Project>
</CodeBlocks_project_file>
