<?xml version="1.0" encoding="UTF-8" standalone="yes" ?>
<CodeBlocks_project_file>
	<FileVersion major="1" minor="6" />
	<Project>
		<Option title="hashtest.cpp" />
		<Option pch_mode="2" />
		<Option default_target="Release" />
		<Option compiler="gcc" />
		<Build>
			<Target title="Debug">
				<Option output="bin/Debug/lhx" prefix_auto="1" extension_auto="1" />
				<Option object_output="obj/Debug/" />
				<Option type="1" />
				<Option compiler="gcc" />
				<Option parameters="-m -t  -T X -D C:/Users/Public/Altair/Tests/Exemple/Donnees/R-Altair -g C:/Users/Public/Altair/Tests/Exemple/Donnees/xhl/Anonyme2/2009/2009-01.xhl " />
				<Compiler>
					<Add option="-march=core2" />
					<Add option="-g" />
					<Add option="-std=gnu++11" />
					<Add option="-D__GNUC_EXTENSION" />
					<Add option="-DNO_DEBUG" />
					<Add option="-DTOLERANT" />
					<Add option="-D_GNU_SOURCE" />
					<Add option="-D__STDC_LIMIT_MACROS" />
					<Add option="-D__STDC_FORMAT_MACROS" />
				</Compiler>
				<Linker>
					<Add option="-lxml2" />
					<Add option="-pthread" />
				</Linker>
			</Target>
			<Target title="Release">
				<Option output="bin/Release/lhx" prefix_auto="1" extension_auto="1" />
				<Option object_output="obj/Release/" />
				<Option type="1" />
				<Option compiler="gcc" />
				<Option parameters="-m -t -t -j &apos;4&apos; -T AN -D C:/Users/Public/Altair/Tests/Exemple/Donnees/R-Altair -g C:/Users/Public/Altair/Tests/Exemple/Donnees/xhl/Anonyme2/2009/2009-01.xhl C:/Users/Public/Altair/Tests/Exemple/Donnees/xhl/Anonyme2/2009/2009-02.xhl C:/Users/Public/Altair/Tests/Exemple/Donnees/xhl/Anonyme2/2009/2009-03.xhl C:/Users/Public/Altair/Tests/Exemple/Donnees/xhl/Anonyme2/2009/2009-04.xhl C:/Users/Public/Altair/Tests/Exemple/Donnees/xhl/Anonyme2/2009/2009-05.xhl C:/Users/Public/Altair/Tests/Exemple/Donnees/xhl/Anonyme2/2009/2009-06.xhl C:/Users/Public/Altair/Tests/Exemple/Donnees/xhl/Anonyme2/2009/2009-07.xhl C:/Users/Public/Altair/Tests/Exemple/Donnees/xhl/Anonyme2/2009/2009-08.xhl C:/Users/Public/Altair/Tests/Exemple/Donnees/xhl/Anonyme2/2009/2009-09.xhl C:/Users/Public/Altair/Tests/Exemple/Donnees/xhl/Anonyme2/2009/2009-10.xhl C:/Users/Public/Altair/Tests/Exemple/Donnees/xhl/Anonyme2/2009/2009-11.xhl C:/Users/Public/Altair/Tests/Exemple/Donnees/xhl/Anonyme2/2009/2009-12.xhl -g C:/Users/Public/Altair/Tests/Exemple/Donnees/xhl/Anonyme2/2010/2010-01.xhl C:/Users/Public/Altair/Tests/Exemple/Donnees/xhl/Anonyme2/2010/2010-02.xhl C:/Users/Public/Altair/Tests/Exemple/Donnees/xhl/Anonyme2/2010/2010-03.xhl C:/Users/Public/Altair/Tests/Exemple/Donnees/xhl/Anonyme2/2010/2010-04.xhl C:/Users/Public/Altair/Tests/Exemple/Donnees/xhl/Anonyme2/2010/2010-05.xhl C:/Users/Public/Altair/Tests/Exemple/Donnees/xhl/Anonyme2/2010/2010-06.xhl C:/Users/Public/Altair/Tests/Exemple/Donnees/xhl/Anonyme2/2010/2010-07.xhl C:/Users/Public/Altair/Tests/Exemple/Donnees/xhl/Anonyme2/2010/2010-08.xhl C:/Users/Public/Altair/Tests/Exemple/Donnees/xhl/Anonyme2/2010/2010-09.xhl C:/Users/Public/Altair/Tests/Exemple/Donnees/xhl/Anonyme2/2010/2010-10.xhl C:/Users/Public/Altair/Tests/Exemple/Donnees/xhl/Anonyme2/2010/2010-11.xhl C:/Users/Public/Altair/Tests/Exemple/Donnees/xhl/Anonyme2/2010/2010-12.xhl -g C:/Users/Public/Altair/Tests/Exemple/Donnees/xhl/Anonyme2/2011/01.2011.xhl C:/Users/Public/Altair/Tests/Exemple/Donnees/xhl/Anonyme2/2011/02.2011.xhl C:/Users/Public/Altair/Tests/Exemple/Donnees/xhl/Anonyme2/2011/03.2011.xhl C:/Users/Public/Altair/Tests/Exemple/Donnees/xhl/Anonyme2/2011/04.2011.xhl C:/Users/Public/Altair/Tests/Exemple/Donnees/xhl/Anonyme2/2011/05.2011.xhl C:/Users/Public/Altair/Tests/Exemple/Donnees/xhl/Anonyme2/2011/06.2011.xhl C:/Users/Public/Altair/Tests/Exemple/Donnees/xhl/Anonyme2/2011/07.2011.xhl C:/Users/Public/Altair/Tests/Exemple/Donnees/xhl/Anonyme2/2011/08.2011.xhl C:/Users/Public/Altair/Tests/Exemple/Donnees/xhl/Anonyme2/2011/09.2011.xhl C:/Users/Public/Altair/Tests/Exemple/Donnees/xhl/Anonyme2/2011/10.2011.xhl C:/Users/Public/Altair/Tests/Exemple/Donnees/xhl/Anonyme2/2011/11.2011.xhl C:/Users/Public/Altair/Tests/Exemple/Donnees/xhl/Anonyme2/2011/12.2011.xhl -g C:/Users/Public/Altair/Tests/Exemple/Donnees/xhl/Anonyme2/2012/2012-01VILLE.xhl C:/Users/Public/Altair/Tests/Exemple/Donnees/xhl/Anonyme2/2012/2012-02VILLE.xhl C:/Users/Public/Altair/Tests/Exemple/Donnees/xhl/Anonyme2/2012/2012-03VILLE.xhl C:/Users/Public/Altair/Tests/Exemple/Donnees/xhl/Anonyme2/2012/2012-04VILLE.xhl C:/Users/Public/Altair/Tests/Exemple/Donnees/xhl/Anonyme2/2012/2012-05VILLE.xhl C:/Users/Public/Altair/Tests/Exemple/Donnees/xhl/Anonyme2/2012/2012-06VILLE.xhl C:/Users/Public/Altair/Tests/Exemple/Donnees/xhl/Anonyme2/2012/2012-07VILLE.xhl C:/Users/Public/Altair/Tests/Exemple/Donnees/xhl/Anonyme2/2012/2012-08VILLE.xhl C:/Users/Public/Altair/Tests/Exemple/Donnees/xhl/Anonyme2/2012/2012-09VILLE.xhl C:/Users/Public/Altair/Tests/Exemple/Donnees/xhl/Anonyme2/2012/2012-10VILLE.xhl C:/Users/Public/Altair/Tests/Exemple/Donnees/xhl/Anonyme2/2012/2012-11VILLE.xhl C:/Users/Public/Altair/Tests/Exemple/Donnees/xhl/Anonyme2/2012/2012-12VILLE.xhl -g C:/Users/Public/Altair/Tests/Exemple/Donnees/xhl/Anonyme2/2013/2013-01VILLE.xhl C:/Users/Public/Altair/Tests/Exemple/Donnees/xhl/Anonyme2/2013/2013-02VILLE.xhl C:/Users/Public/Altair/Tests/Exemple/Donnees/xhl/Anonyme2/2013/2013-03VILLE.xhl C:/Users/Public/Altair/Tests/Exemple/Donnees/xhl/Anonyme2/2013/2013-04VILLE.xhl C:/Users/Public/Altair/Tests/Exemple/Donnees/xhl/Anonyme2/2013/2013-05VILLE.xhl C:/Users/Public/Altair/Tests/Exemple/Donnees/xhl/Anonyme2/2013/2013-06VILLE.xhl C:/Users/Public/Altair/Tests/Exemple/Donnees/xhl/Anonyme2/2013/2013-07VILLE.xhl C:/Users/Public/Altair/Tests/Exemple/Donnees/xhl/Anonyme2/2013/2013-08VILLE.xhl C:/Users/Public/Altair/Tests/Exemple/Donnees/xhl/Anonyme2/2013/2013-09VILLE.xhl C:/Users/Public/Altair/Tests/Exemple/Donnees/xhl/Anonyme2/2013/2013-10VILLE.xhl C:/Users/Public/Altair/Tests/Exemple/Donnees/xhl/Anonyme2/2013/2013-11VILLE.xhl C:/Users/Public/Altair/Tests/Exemple/Donnees/xhl/Anonyme2/2013/2013-12VILLE.xhl" />
				<Compiler>
					<Add option="-march=corei7" />
					<Add option="-O3" />
					<Add option="-Wextra" />
					<Add option="-Wall" />
					<Add option="-fexceptions" />
					<Add option="-std=gnu++11" />
					<Add option="-D__GNUC_EXTENSION" />
					<Add option="-D_REENTRANT" />
					<Add option="-D_GNU_SOURCE" />
					<Add option="-D__STDC_LIMIT_MACROS" />
					<Add option="-D__STDC_FORMAT_MACROS" />
					<Add option="-DNO_DEBUG" />
					<Add directory="/usr/include/libxml2" />
				</Compiler>
				<Linker>
					<Add option="-s" />
					<Add option="-lxml2" />
					<Add library="../../../mingw64/x86_64-w64-mingw32/lib/libpthread.dll.a" />
				</Linker>
			</Target>
		</Build>
		<Compiler>
			<Add option="-DGCC_REGEX" />
		</Compiler>
		<Unit filename="fonctions_auxiliaires.cpp" />
		<Unit filename="fonctions_auxiliaires.hpp" />
		<Unit filename="main.cpp" />
		<Unit filename="table.cpp" />
		<Unit filename="table.hpp" />
		<Unit filename="validator.cpp" />
		<Unit filename="validator.hpp" />
		<Extensions>
			<code_completion />
			<envvars />
			<debugger />
			<lib_finder disable_auto="1" />
		</Extensions>
	</Project>
</CodeBlocks_project_file>
